// !$*UTF8*$!
{
	archiveVersion = 1;
	classes = {
	};
	objectVersion = 55;
	objects = {

/* Begin PBXBuildFile section */
		8E3CEA0E2801E84100CCE925 /* RestaurantDetailView.swift in Sources */ = {isa = PBXBuildFile; fileRef = 8E3CEA0D2801E84100CCE925 /* RestaurantDetailView.swift */; };
		8E3CEA1028040C2A00CCE925 /* AuthenView.swift in Sources */ = {isa = PBXBuildFile; fileRef = 8E3CEA0F28040C2A00CCE925 /* AuthenView.swift */; };
		8E3CEA1228041A3200CCE925 /* BaseView.swift in Sources */ = {isa = PBXBuildFile; fileRef = 8E3CEA1128041A3200CCE925 /* BaseView.swift */; };
		8E3CEA1428041ACF00CCE925 /* ViewRouter.swift in Sources */ = {isa = PBXBuildFile; fileRef = 8E3CEA1328041ACF00CCE925 /* ViewRouter.swift */; };
		8E3CEA182805CD1800CCE925 /* CartView.swift in Sources */ = {isa = PBXBuildFile; fileRef = 8E3CEA172805CD1800CCE925 /* CartView.swift */; };
		8E3CEA1B280860E900CCE925 /* ColorExtension.swift in Sources */ = {isa = PBXBuildFile; fileRef = 8E3CEA1A280860E900CCE925 /* ColorExtension.swift */; };
		8E3CEA1D2809C3EC00CCE925 /* MenuDetailView.swift in Sources */ = {isa = PBXBuildFile; fileRef = 8E3CEA1C2809C3EC00CCE925 /* MenuDetailView.swift */; };
		8E3FC53327E4ABD40080A950 /* foodjetApp.swift in Sources */ = {isa = PBXBuildFile; fileRef = 8E3FC53227E4ABD40080A950 /* foodjetApp.swift */; };
		8E3FC53527E4ABD40080A950 /* LoginView.swift in Sources */ = {isa = PBXBuildFile; fileRef = 8E3FC53427E4ABD40080A950 /* LoginView.swift */; };
		8E3FC53727E4ABD60080A950 /* Assets.xcassets in Resources */ = {isa = PBXBuildFile; fileRef = 8E3FC53627E4ABD60080A950 /* Assets.xcassets */; };
		8E3FC53A27E4ABD60080A950 /* Preview Assets.xcassets in Resources */ = {isa = PBXBuildFile; fileRef = 8E3FC53927E4ABD60080A950 /* Preview Assets.xcassets */; };
		8E3FC54227E76CE20080A950 /* HomeView.swift in Sources */ = {isa = PBXBuildFile; fileRef = 8E3FC54127E76CE20080A950 /* HomeView.swift */; };
		8E3FC54627E773660080A950 /* FoodStoreItem.swift in Sources */ = {isa = PBXBuildFile; fileRef = 8E3FC54527E773660080A950 /* FoodStoreItem.swift */; };
		8E3FC54C27EA1FA20080A950 /* SettingView.swift in Sources */ = {isa = PBXBuildFile; fileRef = 8E3FC54B27EA1FA20080A950 /* SettingView.swift */; };
		8E3FC54E27EB60F00080A950 /* NotificationView.swift in Sources */ = {isa = PBXBuildFile; fileRef = 8E3FC54D27EB60F00080A950 /* NotificationView.swift */; };
		8E3FC55227EB6FD80080A950 /* NotificationItem.swift in Sources */ = {isa = PBXBuildFile; fileRef = 8E3FC55127EB6FD80080A950 /* NotificationItem.swift */; };
		8E3FC55327EB7AAF0080A950 /* MockNotification.json in Resources */ = {isa = PBXBuildFile; fileRef = 8E3FC55027EB6E9C0080A950 /* MockNotification.json */; };
		8E4ABF8C27ECBA4C00EF43F9 /* NotificationViewModel.swift in Sources */ = {isa = PBXBuildFile; fileRef = 8E4ABF8B27ECBA4C00EF43F9 /* NotificationViewModel.swift */; };
		8E66D63A27FF3C57002DA07B /* MainView.swift in Sources */ = {isa = PBXBuildFile; fileRef = 8E66D63927FF3C57002DA07B /* MainView.swift */; };
		8E66D63D27FF3E99002DA07B /* NotificationLabelView.swift in Sources */ = {isa = PBXBuildFile; fileRef = 8E66D63C27FF3E99002DA07B /* NotificationLabelView.swift */; };
		8E66D63F280074DB002DA07B /* OrderView.swift in Sources */ = {isa = PBXBuildFile; fileRef = 8E66D63E280074DB002DA07B /* OrderView.swift */; };
		8E8B99C7280DBC26000CF8C6 /* OnboardingView.swift in Sources */ = {isa = PBXBuildFile; fileRef = 8E8B99C6280DBC26000CF8C6 /* OnboardingView.swift */; };
		8E8B99C9280DBC4A000CF8C6 /* SubOnboardingView.swift in Sources */ = {isa = PBXBuildFile; fileRef = 8E8B99C8280DBC4A000CF8C6 /* SubOnboardingView.swift */; };
		8E8B99CF280DC63F000CF8C6 /* order-food.json in Resources */ = {isa = PBXBuildFile; fileRef = 8E8B99CC280DC63F000CF8C6 /* order-food.json */; };
		8E8B99D0280DC63F000CF8C6 /* food-to-client.json in Resources */ = {isa = PBXBuildFile; fileRef = 8E8B99CD280DC63F000CF8C6 /* food-to-client.json */; };
		8E8B99D1280DC63F000CF8C6 /* delivery-man.json in Resources */ = {isa = PBXBuildFile; fileRef = 8E8B99CE280DC63F000CF8C6 /* delivery-man.json */; };
		8EA82B0E280EFB3300A09D69 /* LottieView.swift in Sources */ = {isa = PBXBuildFile; fileRef = 8EA82B0D280EFB3300A09D69 /* LottieView.swift */; };
		8EA82B14281444D000A09D69 /* CartItem.swift in Sources */ = {isa = PBXBuildFile; fileRef = 8EA82B13281444D000A09D69 /* CartItem.swift */; };
		8EA82B162814454600A09D69 /* MockCart.json in Resources */ = {isa = PBXBuildFile; fileRef = 8EA82B152814454600A09D69 /* MockCart.json */; };
		8EA82B182815801900A09D69 /* OrderOverviewView.swift in Sources */ = {isa = PBXBuildFile; fileRef = 8EA82B172815801900A09D69 /* OrderOverviewView.swift */; };
		D7506F4EC61C0A8F149B14D9 /* Pods_foodjet.framework in Frameworks */ = {isa = PBXBuildFile; fileRef = 369004D830725F55260DE9BD /* Pods_foodjet.framework */; };
/* End PBXBuildFile section */

/* Begin PBXFileReference section */
		15146D71735A6133A2C8CAF6 /* Pods-foodjet.debug.xcconfig */ = {isa = PBXFileReference; includeInIndex = 1; lastKnownFileType = text.xcconfig; name = "Pods-foodjet.debug.xcconfig"; path = "Target Support Files/Pods-foodjet/Pods-foodjet.debug.xcconfig"; sourceTree = "<group>"; };
		1E7003040C03438D0F52987C /* Pods-foodjet.release.xcconfig */ = {isa = PBXFileReference; includeInIndex = 1; lastKnownFileType = text.xcconfig; name = "Pods-foodjet.release.xcconfig"; path = "Target Support Files/Pods-foodjet/Pods-foodjet.release.xcconfig"; sourceTree = "<group>"; };
		369004D830725F55260DE9BD /* Pods_foodjet.framework */ = {isa = PBXFileReference; explicitFileType = wrapper.framework; includeInIndex = 0; path = Pods_foodjet.framework; sourceTree = BUILT_PRODUCTS_DIR; };
		8E3CEA0D2801E84100CCE925 /* RestaurantDetailView.swift */ = {isa = PBXFileReference; lastKnownFileType = sourcecode.swift; path = RestaurantDetailView.swift; sourceTree = "<group>"; };
		8E3CEA0F28040C2A00CCE925 /* AuthenView.swift */ = {isa = PBXFileReference; lastKnownFileType = sourcecode.swift; path = AuthenView.swift; sourceTree = "<group>"; };
		8E3CEA1128041A3200CCE925 /* BaseView.swift */ = {isa = PBXFileReference; lastKnownFileType = sourcecode.swift; path = BaseView.swift; sourceTree = "<group>"; };
		8E3CEA1328041ACF00CCE925 /* ViewRouter.swift */ = {isa = PBXFileReference; lastKnownFileType = sourcecode.swift; path = ViewRouter.swift; sourceTree = "<group>"; };
		8E3CEA172805CD1800CCE925 /* CartView.swift */ = {isa = PBXFileReference; lastKnownFileType = sourcecode.swift; path = CartView.swift; sourceTree = "<group>"; };
		8E3CEA1A280860E900CCE925 /* ColorExtension.swift */ = {isa = PBXFileReference; lastKnownFileType = sourcecode.swift; path = ColorExtension.swift; sourceTree = "<group>"; };
		8E3CEA1C2809C3EC00CCE925 /* MenuDetailView.swift */ = {isa = PBXFileReference; lastKnownFileType = sourcecode.swift; path = MenuDetailView.swift; sourceTree = "<group>"; };
		8E3FC52F27E4ABD40080A950 /* foodjet.app */ = {isa = PBXFileReference; explicitFileType = wrapper.application; includeInIndex = 0; path = foodjet.app; sourceTree = BUILT_PRODUCTS_DIR; };
		8E3FC53227E4ABD40080A950 /* foodjetApp.swift */ = {isa = PBXFileReference; lastKnownFileType = sourcecode.swift; path = foodjetApp.swift; sourceTree = "<group>"; };
		8E3FC53427E4ABD40080A950 /* LoginView.swift */ = {isa = PBXFileReference; lastKnownFileType = sourcecode.swift; path = LoginView.swift; sourceTree = "<group>"; };
		8E3FC53627E4ABD60080A950 /* Assets.xcassets */ = {isa = PBXFileReference; lastKnownFileType = folder.assetcatalog; path = Assets.xcassets; sourceTree = "<group>"; };
		8E3FC53927E4ABD60080A950 /* Preview Assets.xcassets */ = {isa = PBXFileReference; lastKnownFileType = folder.assetcatalog; path = "Preview Assets.xcassets"; sourceTree = "<group>"; };
		8E3FC54127E76CE20080A950 /* HomeView.swift */ = {isa = PBXFileReference; lastKnownFileType = sourcecode.swift; path = HomeView.swift; sourceTree = "<group>"; };
		8E3FC54527E773660080A950 /* FoodStoreItem.swift */ = {isa = PBXFileReference; lastKnownFileType = sourcecode.swift; path = FoodStoreItem.swift; sourceTree = "<group>"; };
		8E3FC54B27EA1FA20080A950 /* SettingView.swift */ = {isa = PBXFileReference; lastKnownFileType = sourcecode.swift; path = SettingView.swift; sourceTree = "<group>"; };
		8E3FC54D27EB60F00080A950 /* NotificationView.swift */ = {isa = PBXFileReference; lastKnownFileType = sourcecode.swift; path = NotificationView.swift; sourceTree = "<group>"; };
		8E3FC55027EB6E9C0080A950 /* MockNotification.json */ = {isa = PBXFileReference; lastKnownFileType = text.json; path = MockNotification.json; sourceTree = "<group>"; };
		8E3FC55127EB6FD80080A950 /* NotificationItem.swift */ = {isa = PBXFileReference; lastKnownFileType = sourcecode.swift; path = NotificationItem.swift; sourceTree = "<group>"; };
		8E4ABF8B27ECBA4C00EF43F9 /* NotificationViewModel.swift */ = {isa = PBXFileReference; lastKnownFileType = sourcecode.swift; path = NotificationViewModel.swift; sourceTree = "<group>"; };
		8E66D63927FF3C57002DA07B /* MainView.swift */ = {isa = PBXFileReference; lastKnownFileType = sourcecode.swift; path = MainView.swift; sourceTree = "<group>"; };
		8E66D63C27FF3E99002DA07B /* NotificationLabelView.swift */ = {isa = PBXFileReference; lastKnownFileType = sourcecode.swift; path = NotificationLabelView.swift; sourceTree = "<group>"; };
		8E66D63E280074DB002DA07B /* OrderView.swift */ = {isa = PBXFileReference; lastKnownFileType = sourcecode.swift; path = OrderView.swift; sourceTree = "<group>"; };
		8E8B99C6280DBC26000CF8C6 /* OnboardingView.swift */ = {isa = PBXFileReference; lastKnownFileType = sourcecode.swift; path = OnboardingView.swift; sourceTree = "<group>"; };
		8E8B99C8280DBC4A000CF8C6 /* SubOnboardingView.swift */ = {isa = PBXFileReference; lastKnownFileType = sourcecode.swift; path = SubOnboardingView.swift; sourceTree = "<group>"; };
		8E8B99CC280DC63F000CF8C6 /* order-food.json */ = {isa = PBXFileReference; fileEncoding = 4; lastKnownFileType = text.json; path = "order-food.json"; sourceTree = "<group>"; };
		8E8B99CD280DC63F000CF8C6 /* food-to-client.json */ = {isa = PBXFileReference; fileEncoding = 4; lastKnownFileType = text.json; path = "food-to-client.json"; sourceTree = "<group>"; };
		8E8B99CE280DC63F000CF8C6 /* delivery-man.json */ = {isa = PBXFileReference; fileEncoding = 4; lastKnownFileType = text.json; path = "delivery-man.json"; sourceTree = "<group>"; };
		8EA82B0D280EFB3300A09D69 /* LottieView.swift */ = {isa = PBXFileReference; lastKnownFileType = sourcecode.swift; path = LottieView.swift; sourceTree = "<group>"; };
		8EA82B13281444D000A09D69 /* CartItem.swift */ = {isa = PBXFileReference; lastKnownFileType = sourcecode.swift; path = CartItem.swift; sourceTree = "<group>"; };
		8EA82B152814454600A09D69 /* MockCart.json */ = {isa = PBXFileReference; lastKnownFileType = text.json; path = MockCart.json; sourceTree = "<group>"; };
		8EA82B172815801900A09D69 /* OrderOverviewView.swift */ = {isa = PBXFileReference; lastKnownFileType = sourcecode.swift; path = OrderOverviewView.swift; sourceTree = "<group>"; };
/* End PBXFileReference section */

/* Begin PBXFrameworksBuildPhase section */
		8E3FC52C27E4ABD40080A950 /* Frameworks */ = {
			isa = PBXFrameworksBuildPhase;
			buildActionMask = 2147483647;
			files = (
				D7506F4EC61C0A8F149B14D9 /* Pods_foodjet.framework in Frameworks */,
			);
			runOnlyForDeploymentPostprocessing = 0;
		};
/* End PBXFrameworksBuildPhase section */

/* Begin PBXGroup section */
		654CC57B3BBD2579318FFF19 /* Pods */ = {
			isa = PBXGroup;
			children = (
				15146D71735A6133A2C8CAF6 /* Pods-foodjet.debug.xcconfig */,
				1E7003040C03438D0F52987C /* Pods-foodjet.release.xcconfig */,
			);
			path = Pods;
			sourceTree = "<group>";
		};
		8E3CEA19280860D300CCE925 /* Utils */ = {
			isa = PBXGroup;
			children = (
				8E3CEA1A280860E900CCE925 /* ColorExtension.swift */,
			);
			path = Utils;
			sourceTree = "<group>";
		};
		8E3FC52627E4ABD40080A950 = {
			isa = PBXGroup;
			children = (
				8E3FC53127E4ABD40080A950 /* foodjet */,
				8E3FC53027E4ABD40080A950 /* Products */,
				654CC57B3BBD2579318FFF19 /* Pods */,
				FB8C0CF36A3AA2CB5B966EC3 /* Frameworks */,
			);
			sourceTree = "<group>";
		};
		8E3FC53027E4ABD40080A950 /* Products */ = {
			isa = PBXGroup;
			children = (
				8E3FC52F27E4ABD40080A950 /* foodjet.app */,
			);
			name = Products;
			sourceTree = "<group>";
		};
		8E3FC53127E4ABD40080A950 /* foodjet */ = {
			isa = PBXGroup;
			children = (
				8E3CEA1328041ACF00CCE925 /* ViewRouter.swift */,
				8E8B99CA280DC5AA000CF8C6 /* Resource */,
				8E3CEA19280860D300CCE925 /* Utils */,
				8E3FC53227E4ABD40080A950 /* foodjetApp.swift */,
				8E3FC54427E7733C0080A950 /* Viewmodel */,
				8E3FC54327E772B20080A950 /* Model */,
				8E3FC54027E76CA90080A950 /* View */,
				8E3FC53627E4ABD60080A950 /* Assets.xcassets */,
				8E3FC53827E4ABD60080A950 /* Preview Content */,
			);
			path = foodjet;
			sourceTree = "<group>";
		};
		8E3FC53827E4ABD60080A950 /* Preview Content */ = {
			isa = PBXGroup;
			children = (
				8E3FC53927E4ABD60080A950 /* Preview Assets.xcassets */,
			);
			path = "Preview Content";
			sourceTree = "<group>";
		};
		8E3FC54027E76CA90080A950 /* View */ = {
			isa = PBXGroup;
			children = (
				8E66D63B27FF3E74002DA07B /* CustomView */,
				8E3FC53427E4ABD40080A950 /* LoginView.swift */,
				8E3FC54127E76CE20080A950 /* HomeView.swift */,
				8E3FC54B27EA1FA20080A950 /* SettingView.swift */,
				8E3FC54D27EB60F00080A950 /* NotificationView.swift */,
				8E66D63927FF3C57002DA07B /* MainView.swift */,
				8E66D63E280074DB002DA07B /* OrderView.swift */,
				8E3CEA0D2801E84100CCE925 /* RestaurantDetailView.swift */,
				8E3CEA0F28040C2A00CCE925 /* AuthenView.swift */,
				8E3CEA1128041A3200CCE925 /* BaseView.swift */,
				8E3CEA172805CD1800CCE925 /* CartView.swift */,
				8E3CEA1C2809C3EC00CCE925 /* MenuDetailView.swift */,
				8E8B99C6280DBC26000CF8C6 /* OnboardingView.swift */,
				8EA82B172815801900A09D69 /* OrderOverviewView.swift */,
			);
			path = View;
			sourceTree = "<group>";
		};
		8E3FC54327E772B20080A950 /* Model */ = {
			isa = PBXGroup;
			children = (
				8E3FC54527E773660080A950 /* FoodStoreItem.swift */,
				8E3FC55127EB6FD80080A950 /* NotificationItem.swift */,
				8EA82B13281444D000A09D69 /* CartItem.swift */,
			);
			path = Model;
			sourceTree = "<group>";
		};
		8E3FC54427E7733C0080A950 /* Viewmodel */ = {
			isa = PBXGroup;
			children = (
				8E4ABF8B27ECBA4C00EF43F9 /* NotificationViewModel.swift */,
			);
			path = Viewmodel;
			sourceTree = "<group>";
		};
		8E3FC54F27EB6E7E0080A950 /* Mock */ = {
			isa = PBXGroup;
			children = (
				8E3FC55027EB6E9C0080A950 /* MockNotification.json */,
				8EA82B152814454600A09D69 /* MockCart.json */,
			);
			path = Mock;
			sourceTree = "<group>";
		};
		8E66D63B27FF3E74002DA07B /* CustomView */ = {
			isa = PBXGroup;
			children = (
				8E66D63C27FF3E99002DA07B /* NotificationLabelView.swift */,
				8E8B99C8280DBC4A000CF8C6 /* SubOnboardingView.swift */,
				8EA82B0D280EFB3300A09D69 /* LottieView.swift */,
			);
			path = CustomView;
			sourceTree = "<group>";
		};
		8E8B99CA280DC5AA000CF8C6 /* Resource */ = {
			isa = PBXGroup;
			children = (
				8E8B99CB280DC5E7000CF8C6 /* Lottie */,
				8E3FC54F27EB6E7E0080A950 /* Mock */,
			);
			path = Resource;
			sourceTree = "<group>";
		};
		8E8B99CB280DC5E7000CF8C6 /* Lottie */ = {
			isa = PBXGroup;
			children = (
				8E8B99CE280DC63F000CF8C6 /* delivery-man.json */,
				8E8B99CD280DC63F000CF8C6 /* food-to-client.json */,
				8E8B99CC280DC63F000CF8C6 /* order-food.json */,
			);
			path = Lottie;
			sourceTree = "<group>";
		};
		FB8C0CF36A3AA2CB5B966EC3 /* Frameworks */ = {
			isa = PBXGroup;
			children = (
				369004D830725F55260DE9BD /* Pods_foodjet.framework */,
			);
			name = Frameworks;
			sourceTree = "<group>";
		};
/* End PBXGroup section */

/* Begin PBXNativeTarget section */
		8E3FC52E27E4ABD40080A950 /* foodjet */ = {
			isa = PBXNativeTarget;
			buildConfigurationList = 8E3FC53D27E4ABD60080A950 /* Build configuration list for PBXNativeTarget "foodjet" */;
			buildPhases = (
				98DC763DB571EAC008C06515 /* [CP] Check Pods Manifest.lock */,
				8E3FC52B27E4ABD40080A950 /* Sources */,
				8E3FC52C27E4ABD40080A950 /* Frameworks */,
				8E3FC52D27E4ABD40080A950 /* Resources */,
				80CF443E7A9F2D8C0365D7A1 /* [CP] Embed Pods Frameworks */,
			);
			buildRules = (
			);
			dependencies = (
			);
			name = foodjet;
			productName = foodjet;
			productReference = 8E3FC52F27E4ABD40080A950 /* foodjet.app */;
			productType = "com.apple.product-type.application";
		};
/* End PBXNativeTarget section */

/* Begin PBXProject section */
		8E3FC52727E4ABD40080A950 /* Project object */ = {
			isa = PBXProject;
			attributes = {
				BuildIndependentTargetsInParallel = 1;
				LastSwiftUpdateCheck = 1330;
				LastUpgradeCheck = 1330;
				TargetAttributes = {
					8E3FC52E27E4ABD40080A950 = {
						CreatedOnToolsVersion = 13.3;
					};
				};
			};
			buildConfigurationList = 8E3FC52A27E4ABD40080A950 /* Build configuration list for PBXProject "foodjet" */;
			compatibilityVersion = "Xcode 13.0";
			developmentRegion = en;
			hasScannedForEncodings = 0;
			knownRegions = (
				en,
				Base,
			);
			mainGroup = 8E3FC52627E4ABD40080A950;
			productRefGroup = 8E3FC53027E4ABD40080A950 /* Products */;
			projectDirPath = "";
			projectRoot = "";
			targets = (
				8E3FC52E27E4ABD40080A950 /* foodjet */,
			);
		};
/* End PBXProject section */

/* Begin PBXResourcesBuildPhase section */
		8E3FC52D27E4ABD40080A950 /* Resources */ = {
			isa = PBXResourcesBuildPhase;
			buildActionMask = 2147483647;
			files = (
				8EA82B162814454600A09D69 /* MockCart.json in Resources */,
				8E8B99CF280DC63F000CF8C6 /* order-food.json in Resources */,
				8E3FC55327EB7AAF0080A950 /* MockNotification.json in Resources */,
				8E8B99D1280DC63F000CF8C6 /* delivery-man.json in Resources */,
				8E3FC53A27E4ABD60080A950 /* Preview Assets.xcassets in Resources */,
				8E3FC53727E4ABD60080A950 /* Assets.xcassets in Resources */,
				8E8B99D0280DC63F000CF8C6 /* food-to-client.json in Resources */,
			);
			runOnlyForDeploymentPostprocessing = 0;
		};
/* End PBXResourcesBuildPhase section */

/* Begin PBXShellScriptBuildPhase section */
		80CF443E7A9F2D8C0365D7A1 /* [CP] Embed Pods Frameworks */ = {
			isa = PBXShellScriptBuildPhase;
			buildActionMask = 2147483647;
			files = (
			);
			inputFileListPaths = (
				"${PODS_ROOT}/Target Support Files/Pods-foodjet/Pods-foodjet-frameworks-${CONFIGURATION}-input-files.xcfilelist",
			);
			name = "[CP] Embed Pods Frameworks";
			outputFileListPaths = (
				"${PODS_ROOT}/Target Support Files/Pods-foodjet/Pods-foodjet-frameworks-${CONFIGURATION}-output-files.xcfilelist",
			);
			runOnlyForDeploymentPostprocessing = 0;
			shellPath = /bin/sh;
			shellScript = "\"${PODS_ROOT}/Target Support Files/Pods-foodjet/Pods-foodjet-frameworks.sh\"\n";
			showEnvVarsInLog = 0;
		};
		98DC763DB571EAC008C06515 /* [CP] Check Pods Manifest.lock */ = {
			isa = PBXShellScriptBuildPhase;
			buildActionMask = 2147483647;
			files = (
			);
			inputFileListPaths = (
			);
			inputPaths = (
				"${PODS_PODFILE_DIR_PATH}/Podfile.lock",
				"${PODS_ROOT}/Manifest.lock",
			);
			name = "[CP] Check Pods Manifest.lock";
			outputFileListPaths = (
			);
			outputPaths = (
				"$(DERIVED_FILE_DIR)/Pods-foodjet-checkManifestLockResult.txt",
			);
			runOnlyForDeploymentPostprocessing = 0;
			shellPath = /bin/sh;
			shellScript = "diff \"${PODS_PODFILE_DIR_PATH}/Podfile.lock\" \"${PODS_ROOT}/Manifest.lock\" > /dev/null\nif [ $? != 0 ] ; then\n    # print error to STDERR\n    echo \"error: The sandbox is not in sync with the Podfile.lock. Run 'pod install' or update your CocoaPods installation.\" >&2\n    exit 1\nfi\n# This output is used by Xcode 'outputs' to avoid re-running this script phase.\necho \"SUCCESS\" > \"${SCRIPT_OUTPUT_FILE_0}\"\n";
			showEnvVarsInLog = 0;
		};
/* End PBXShellScriptBuildPhase section */

/* Begin PBXSourcesBuildPhase section */
		8E3FC52B27E4ABD40080A950 /* Sources */ = {
			isa = PBXSourcesBuildPhase;
			buildActionMask = 2147483647;
			files = (
				8E3CEA1428041ACF00CCE925 /* ViewRouter.swift in Sources */,
				8E3FC54227E76CE20080A950 /* HomeView.swift in Sources */,
				8EA82B14281444D000A09D69 /* CartItem.swift in Sources */,
				8E3CEA1228041A3200CCE925 /* BaseView.swift in Sources */,
				8E3CEA0E2801E84100CCE925 /* RestaurantDetailView.swift in Sources */,
				8E3CEA1028040C2A00CCE925 /* AuthenView.swift in Sources */,
				8E66D63A27FF3C57002DA07B /* MainView.swift in Sources */,
				8E3CEA1B280860E900CCE925 /* ColorExtension.swift in Sources */,
				8E4ABF8C27ECBA4C00EF43F9 /* NotificationViewModel.swift in Sources */,
				8E3FC53527E4ABD40080A950 /* LoginView.swift in Sources */,
				8E3FC54E27EB60F00080A950 /* NotificationView.swift in Sources */,
				8E8B99C9280DBC4A000CF8C6 /* SubOnboardingView.swift in Sources */,
				8EA82B0E280EFB3300A09D69 /* LottieView.swift in Sources */,
				8EA82B182815801900A09D69 /* OrderOverviewView.swift in Sources */,
				8E3FC54C27EA1FA20080A950 /* SettingView.swift in Sources */,
				8E8B99C7280DBC26000CF8C6 /* OnboardingView.swift in Sources */,
				8E3FC54627E773660080A950 /* FoodStoreItem.swift in Sources */,
				8E3CEA1D2809C3EC00CCE925 /* MenuDetailView.swift in Sources */,
				8E3FC53327E4ABD40080A950 /* foodjetApp.swift in Sources */,
				8E66D63F280074DB002DA07B /* OrderView.swift in Sources */,
				8E66D63D27FF3E99002DA07B /* NotificationLabelView.swift in Sources */,
				8E3CEA182805CD1800CCE925 /* CartView.swift in Sources */,
				8E3FC55227EB6FD80080A950 /* NotificationItem.swift in Sources */,
			);
			runOnlyForDeploymentPostprocessing = 0;
		};
/* End PBXSourcesBuildPhase section */

/* Begin XCBuildConfiguration section */
		8E3FC53B27E4ABD60080A950 /* Debug */ = {
			isa = XCBuildConfiguration;
			buildSettings = {
				ALWAYS_SEARCH_USER_PATHS = NO;
				CLANG_ANALYZER_NONNULL = YES;
				CLANG_ANALYZER_NUMBER_OBJECT_CONVERSION = YES_AGGRESSIVE;
				CLANG_CXX_LANGUAGE_STANDARD = "gnu++17";
				CLANG_ENABLE_MODULES = YES;
				CLANG_ENABLE_OBJC_ARC = YES;
				CLANG_ENABLE_OBJC_WEAK = YES;
				CLANG_WARN_BLOCK_CAPTURE_AUTORELEASING = YES;
				CLANG_WARN_BOOL_CONVERSION = YES;
				CLANG_WARN_COMMA = YES;
				CLANG_WARN_CONSTANT_CONVERSION = YES;
				CLANG_WARN_DEPRECATED_OBJC_IMPLEMENTATIONS = YES;
				CLANG_WARN_DIRECT_OBJC_ISA_USAGE = YES_ERROR;
				CLANG_WARN_DOCUMENTATION_COMMENTS = YES;
				CLANG_WARN_EMPTY_BODY = YES;
				CLANG_WARN_ENUM_CONVERSION = YES;
				CLANG_WARN_INFINITE_RECURSION = YES;
				CLANG_WARN_INT_CONVERSION = YES;
				CLANG_WARN_NON_LITERAL_NULL_CONVERSION = YES;
				CLANG_WARN_OBJC_IMPLICIT_RETAIN_SELF = YES;
				CLANG_WARN_OBJC_LITERAL_CONVERSION = YES;
				CLANG_WARN_OBJC_ROOT_CLASS = YES_ERROR;
				CLANG_WARN_QUOTED_INCLUDE_IN_FRAMEWORK_HEADER = YES;
				CLANG_WARN_RANGE_LOOP_ANALYSIS = YES;
				CLANG_WARN_STRICT_PROTOTYPES = YES;
				CLANG_WARN_SUSPICIOUS_MOVE = YES;
				CLANG_WARN_UNGUARDED_AVAILABILITY = YES_AGGRESSIVE;
				CLANG_WARN_UNREACHABLE_CODE = YES;
				CLANG_WARN__DUPLICATE_METHOD_MATCH = YES;
				COPY_PHASE_STRIP = NO;
				DEBUG_INFORMATION_FORMAT = dwarf;
				ENABLE_STRICT_OBJC_MSGSEND = YES;
				ENABLE_TESTABILITY = YES;
				GCC_C_LANGUAGE_STANDARD = gnu11;
				GCC_DYNAMIC_NO_PIC = NO;
				GCC_NO_COMMON_BLOCKS = YES;
				GCC_OPTIMIZATION_LEVEL = 0;
				GCC_PREPROCESSOR_DEFINITIONS = (
					"DEBUG=1",
					"$(inherited)",
				);
				GCC_WARN_64_TO_32_BIT_CONVERSION = YES;
				GCC_WARN_ABOUT_RETURN_TYPE = YES_ERROR;
				GCC_WARN_UNDECLARED_SELECTOR = YES;
				GCC_WARN_UNINITIALIZED_AUTOS = YES_AGGRESSIVE;
				GCC_WARN_UNUSED_FUNCTION = YES;
				GCC_WARN_UNUSED_VARIABLE = YES;
				IPHONEOS_DEPLOYMENT_TARGET = 15.4;
				MTL_ENABLE_DEBUG_INFO = INCLUDE_SOURCE;
				MTL_FAST_MATH = YES;
				ONLY_ACTIVE_ARCH = YES;
				SDKROOT = iphoneos;
				SWIFT_ACTIVE_COMPILATION_CONDITIONS = DEBUG;
				SWIFT_OPTIMIZATION_LEVEL = "-Onone";
			};
			name = Debug;
		};
		8E3FC53C27E4ABD60080A950 /* Release */ = {
			isa = XCBuildConfiguration;
			buildSettings = {
				ALWAYS_SEARCH_USER_PATHS = NO;
				CLANG_ANALYZER_NONNULL = YES;
				CLANG_ANALYZER_NUMBER_OBJECT_CONVERSION = YES_AGGRESSIVE;
				CLANG_CXX_LANGUAGE_STANDARD = "gnu++17";
				CLANG_ENABLE_MODULES = YES;
				CLANG_ENABLE_OBJC_ARC = YES;
				CLANG_ENABLE_OBJC_WEAK = YES;
				CLANG_WARN_BLOCK_CAPTURE_AUTORELEASING = YES;
				CLANG_WARN_BOOL_CONVERSION = YES;
				CLANG_WARN_COMMA = YES;
				CLANG_WARN_CONSTANT_CONVERSION = YES;
				CLANG_WARN_DEPRECATED_OBJC_IMPLEMENTATIONS = YES;
				CLANG_WARN_DIRECT_OBJC_ISA_USAGE = YES_ERROR;
				CLANG_WARN_DOCUMENTATION_COMMENTS = YES;
				CLANG_WARN_EMPTY_BODY = YES;
				CLANG_WARN_ENUM_CONVERSION = YES;
				CLANG_WARN_INFINITE_RECURSION = YES;
				CLANG_WARN_INT_CONVERSION = YES;
				CLANG_WARN_NON_LITERAL_NULL_CONVERSION = YES;
				CLANG_WARN_OBJC_IMPLICIT_RETAIN_SELF = YES;
				CLANG_WARN_OBJC_LITERAL_CONVERSION = YES;
				CLANG_WARN_OBJC_ROOT_CLASS = YES_ERROR;
				CLANG_WARN_QUOTED_INCLUDE_IN_FRAMEWORK_HEADER = YES;
				CLANG_WARN_RANGE_LOOP_ANALYSIS = YES;
				CLANG_WARN_STRICT_PROTOTYPES = YES;
				CLANG_WARN_SUSPICIOUS_MOVE = YES;
				CLANG_WARN_UNGUARDED_AVAILABILITY = YES_AGGRESSIVE;
				CLANG_WARN_UNREACHABLE_CODE = YES;
				CLANG_WARN__DUPLICATE_METHOD_MATCH = YES;
				COPY_PHASE_STRIP = NO;
				DEBUG_INFORMATION_FORMAT = "dwarf-with-dsym";
				ENABLE_NS_ASSERTIONS = NO;
				ENABLE_STRICT_OBJC_MSGSEND = YES;
				GCC_C_LANGUAGE_STANDARD = gnu11;
				GCC_NO_COMMON_BLOCKS = YES;
				GCC_WARN_64_TO_32_BIT_CONVERSION = YES;
				GCC_WARN_ABOUT_RETURN_TYPE = YES_ERROR;
				GCC_WARN_UNDECLARED_SELECTOR = YES;
				GCC_WARN_UNINITIALIZED_AUTOS = YES_AGGRESSIVE;
				GCC_WARN_UNUSED_FUNCTION = YES;
				GCC_WARN_UNUSED_VARIABLE = YES;
				IPHONEOS_DEPLOYMENT_TARGET = 15.4;
				MTL_ENABLE_DEBUG_INFO = NO;
				MTL_FAST_MATH = YES;
				SDKROOT = iphoneos;
				SWIFT_COMPILATION_MODE = wholemodule;
				SWIFT_OPTIMIZATION_LEVEL = "-O";
				VALIDATE_PRODUCT = YES;
			};
			name = Release;
		};
		8E3FC53E27E4ABD60080A950 /* Debug */ = {
			isa = XCBuildConfiguration;
			baseConfigurationReference = 15146D71735A6133A2C8CAF6 /* Pods-foodjet.debug.xcconfig */;
			buildSettings = {
				ASSETCATALOG_COMPILER_APPICON_NAME = AppIcon;
				ASSETCATALOG_COMPILER_GLOBAL_ACCENT_COLOR_NAME = AccentColor;
				CODE_SIGN_STYLE = Automatic;
				CURRENT_PROJECT_VERSION = 1;
				DEVELOPMENT_ASSET_PATHS = "\"foodjet/Preview Content\"";
				DEVELOPMENT_TEAM = 96SUJ3672W;
				ENABLE_PREVIEWS = YES;
				GENERATE_INFOPLIST_FILE = YES;
				INFOPLIST_KEY_UIApplicationSceneManifest_Generation = YES;
				INFOPLIST_KEY_UIApplicationSupportsIndirectInputEvents = YES;
				INFOPLIST_KEY_UILaunchScreen_Generation = YES;
				INFOPLIST_KEY_UISupportedInterfaceOrientations_iPad = "UIInterfaceOrientationPortrait UIInterfaceOrientationPortraitUpsideDown UIInterfaceOrientationLandscapeLeft UIInterfaceOrientationLandscapeRight";
				INFOPLIST_KEY_UISupportedInterfaceOrientations_iPhone = "UIInterfaceOrientationPortrait UIInterfaceOrientationLandscapeLeft UIInterfaceOrientationLandscapeRight";
				LD_RUNPATH_SEARCH_PATHS = (
					"$(inherited)",
					"@executable_path/Frameworks",
				);
				MARKETING_VERSION = 1.0;
				PRODUCT_BUNDLE_IDENTIFIER = com.champnc.foodjet;
				PRODUCT_NAME = "$(TARGET_NAME)";
				SWIFT_EMIT_LOC_STRINGS = YES;
				SWIFT_VERSION = 5.0;
				TARGETED_DEVICE_FAMILY = "1,2";
				VALIDATE_WORKSPACE = NO;
			};
			name = Debug;
		};
		8E3FC53F27E4ABD60080A950 /* Release */ = {
			isa = XCBuildConfiguration;
			baseConfigurationReference = 1E7003040C03438D0F52987C /* Pods-foodjet.release.xcconfig */;
			buildSettings = {
				ASSETCATALOG_COMPILER_APPICON_NAME = AppIcon;
				ASSETCATALOG_COMPILER_GLOBAL_ACCENT_COLOR_NAME = AccentColor;
				CODE_SIGN_STYLE = Automatic;
				CURRENT_PROJECT_VERSION = 1;
				DEVELOPMENT_ASSET_PATHS = "\"foodjet/Preview Content\"";
				DEVELOPMENT_TEAM = 96SUJ3672W;
				ENABLE_PREVIEWS = YES;
				EXCLUDED_ARCHS = "";
				GENERATE_INFOPLIST_FILE = YES;
				INFOPLIST_KEY_UIApplicationSceneManifest_Generation = YES;
				INFOPLIST_KEY_UIApplicationSupportsIndirectInputEvents = YES;
				INFOPLIST_KEY_UILaunchScreen_Generation = YES;
				INFOPLIST_KEY_UISupportedInterfaceOrientations_iPad = "UIInterfaceOrientationPortrait UIInterfaceOrientationPortraitUpsideDown UIInterfaceOrientationLandscapeLeft UIInterfaceOrientationLandscapeRight";
				INFOPLIST_KEY_UISupportedInterfaceOrientations_iPhone = "UIInterfaceOrientationPortrait UIInterfaceOrientationLandscapeLeft UIInterfaceOrientationLandscapeRight";
				LD_RUNPATH_SEARCH_PATHS = (
					"$(inherited)",
					"@executable_path/Frameworks",
				);
				MARKETING_VERSION = 1.0;
				PRODUCT_BUNDLE_IDENTIFIER = com.champnc.foodjet;
				PRODUCT_NAME = "$(TARGET_NAME)";
				SWIFT_EMIT_LOC_STRINGS = YES;
				SWIFT_VERSION = 5.0;
				TARGETED_DEVICE_FAMILY = "1,2";
				VALIDATE_WORKSPACE = NO;
			};
			name = Release;
		};
/* End XCBuildConfiguration section */

/* Begin XCConfigurationList section */
		8E3FC52A27E4ABD40080A950 /* Build configuration list for PBXProject "foodjet" */ = {
			isa = XCConfigurationList;
			buildConfigurations = (
				8E3FC53B27E4ABD60080A950 /* Debug */,
				8E3FC53C27E4ABD60080A950 /* Release */,
			);
			defaultConfigurationIsVisible = 0;
			defaultConfigurationName = Release;
		};
		8E3FC53D27E4ABD60080A950 /* Build configuration list for PBXNativeTarget "foodjet" */ = {
			isa = XCConfigurationList;
			buildConfigurations = (
				8E3FC53E27E4ABD60080A950 /* Debug */,
				8E3FC53F27E4ABD60080A950 /* Release */,
			);
			defaultConfigurationIsVisible = 0;
			defaultConfigurationName = Release;
		};
/* End XCConfigurationList section */
	};
	rootObject = 8E3FC52727E4ABD40080A950 /* Project object */;
}
